lockfileVersion: '9.0'

settings:
  autoInstallPeers: true
  excludeLinksFromLockfile: false

importers:

  .:
    dependencies:
      nodemailer:
        specifier: 9.1.0
        version: 9.1.0

packages:

  nodemailer@9.1.0:
    resolution: {integrity: sha512-xj1Ri5Sau3qpPffHJwi2bY0oWVVWYq62Ph17l+2v1xXpxjqTls3YPc3L8dub9mcJpxj+1ucNnuYVqLlgh4pmDA==}
    engines: {node: '>=6.0.0'}

snapshots:

  nodemailer@9.1.0: {}
